PODS:
  - Hero (1.5.0)
  - RAMAnimatedTabBarController (5.2.0)
  - SideMenu (6.5.0)
  - SwiftLint (0.41.0)

DEPENDENCIES:
  - Hero
  - RAMAnimatedTabBarController
  - SideMenu (~> 6.0)
  - SwiftLint

SPEC REPOS:
  trunk:
    - Hero
    - RAMAnimatedTabBarController
    - SideMenu
    - SwiftLint

SPEC CHECKSUMS:
  Hero: b7385b75e7259da62f4f85462f59a5082d66b058
  RAMAnimatedTabBarController: 6863a386e7ae2ab227cd60aa73ab8ff56cdacfdd
  SideMenu: f583187d21c5b1dd04c72002be544b555a2627a2
  SwiftLint: c585ebd615d9520d7fbdbe151f527977b0534f1e

PODFILE CHECKSUM: 09c80cca98d63ed2363c364cedcee3ae9b03aa61

COCOAPODS: 1.9.3
