// !$*UTF8*$!
{
	archiveVersion = 1;
	classes = {
	};
	objectVersion = 50;
	objects = {

/* Begin PBXBuildFile section */
		82D4932F3B4B75BAB59B8915 /* Pods_Cracker.framework in Frameworks */ = {isa = PBXBuildFile; fileRef = 0C0598674B7CC531CF8ACF95 /* Pods_Cracker.framework */; };
		C1A7C0272574869F0022674B /* MapViewController.swift in Sources */ = {isa = PBXBuildFile; fileRef = C1A7C0262574869F0022674B /* MapViewController.swift */; };
		C1A7C02A257497160022674B /* MockMarker.swift in Sources */ = {isa = PBXBuildFile; fileRef = C1A7C029257497160022674B /* MockMarker.swift */; };
		C1A7C0302574ACA80022674B /* MarkerViews.swift in Sources */ = {isa = PBXBuildFile; fileRef = C1A7C02F2574ACA80022674B /* MarkerViews.swift */; };
		C1A7C0382574DB410022674B /* MockGeotification.swift in Sources */ = {isa = PBXBuildFile; fileRef = C1A7C0372574DB410022674B /* MockGeotification.swift */; };
		C1D421332570A82A00FF0641 /* AppDelegate.swift in Sources */ = {isa = PBXBuildFile; fileRef = C1D421322570A82A00FF0641 /* AppDelegate.swift */; };
		C1D421352570A82A00FF0641 /* SceneDelegate.swift in Sources */ = {isa = PBXBuildFile; fileRef = C1D421342570A82A00FF0641 /* SceneDelegate.swift */; };
		C1D421372570A82A00FF0641 /* LobbyViewController.swift in Sources */ = {isa = PBXBuildFile; fileRef = C1D421362570A82A00FF0641 /* LobbyViewController.swift */; };
		C1D4213A2570A82A00FF0641 /* Main.storyboard in Resources */ = {isa = PBXBuildFile; fileRef = C1D421382570A82A00FF0641 /* Main.storyboard */; };
		C1D4213C2570A82C00FF0641 /* Assets.xcassets in Resources */ = {isa = PBXBuildFile; fileRef = C1D4213B2570A82C00FF0641 /* Assets.xcassets */; };
		C1D4213F2570A82C00FF0641 /* LaunchScreen.storyboard in Resources */ = {isa = PBXBuildFile; fileRef = C1D4213D2570A82C00FF0641 /* LaunchScreen.storyboard */; };
		C1D421622570D9C000FF0641 /* UIColor+Extension.swift in Sources */ = {isa = PBXBuildFile; fileRef = C1D421612570D9C000FF0641 /* UIColor+Extension.swift */; };
		C1D4216D25710CBC00FF0641 /* UIView+Extension.swift in Sources */ = {isa = PBXBuildFile; fileRef = C1D4216C25710CBC00FF0641 /* UIView+Extension.swift */; };
/* End PBXBuildFile section */

/* Begin PBXFileReference section */
		0C0598674B7CC531CF8ACF95 /* Pods_Cracker.framework */ = {isa = PBXFileReference; explicitFileType = wrapper.framework; includeInIndex = 0; path = Pods_Cracker.framework; sourceTree = BUILT_PRODUCTS_DIR; };
		A250CFA09B32F9C2BB433563 /* Pods-Cracker.debug.xcconfig */ = {isa = PBXFileReference; includeInIndex = 1; lastKnownFileType = text.xcconfig; name = "Pods-Cracker.debug.xcconfig"; path = "Target Support Files/Pods-Cracker/Pods-Cracker.debug.xcconfig"; sourceTree = "<group>"; };
		AFD6E98DB1E00DCB392FF7D7 /* Pods-Cracker.release.xcconfig */ = {isa = PBXFileReference; includeInIndex = 1; lastKnownFileType = text.xcconfig; name = "Pods-Cracker.release.xcconfig"; path = "Target Support Files/Pods-Cracker/Pods-Cracker.release.xcconfig"; sourceTree = "<group>"; };
		C1A7C0262574869F0022674B /* MapViewController.swift */ = {isa = PBXFileReference; lastKnownFileType = sourcecode.swift; path = MapViewController.swift; sourceTree = "<group>"; };
		C1A7C029257497160022674B /* MockMarker.swift */ = {isa = PBXFileReference; lastKnownFileType = sourcecode.swift; path = MockMarker.swift; sourceTree = "<group>"; };
		C1A7C02F2574ACA80022674B /* MarkerViews.swift */ = {isa = PBXFileReference; lastKnownFileType = sourcecode.swift; path = MarkerViews.swift; sourceTree = "<group>"; };
		C1A7C0372574DB410022674B /* MockGeotification.swift */ = {isa = PBXFileReference; lastKnownFileType = sourcecode.swift; path = MockGeotification.swift; sourceTree = "<group>"; };
		C1D4212F2570A82A00FF0641 /* Cracker.app */ = {isa = PBXFileReference; explicitFileType = wrapper.application; includeInIndex = 0; path = Cracker.app; sourceTree = BUILT_PRODUCTS_DIR; };
		C1D421322570A82A00FF0641 /* AppDelegate.swift */ = {isa = PBXFileReference; lastKnownFileType = sourcecode.swift; path = AppDelegate.swift; sourceTree = "<group>"; };
		C1D421342570A82A00FF0641 /* SceneDelegate.swift */ = {isa = PBXFileReference; lastKnownFileType = sourcecode.swift; path = SceneDelegate.swift; sourceTree = "<group>"; };
		C1D421362570A82A00FF0641 /* LobbyViewController.swift */ = {isa = PBXFileReference; lastKnownFileType = sourcecode.swift; path = LobbyViewController.swift; sourceTree = "<group>"; };
		C1D421392570A82A00FF0641 /* Base */ = {isa = PBXFileReference; lastKnownFileType = file.storyboard; name = Base; path = Base.lproj/Main.storyboard; sourceTree = "<group>"; };
		C1D4213B2570A82C00FF0641 /* Assets.xcassets */ = {isa = PBXFileReference; lastKnownFileType = folder.assetcatalog; path = Assets.xcassets; sourceTree = "<group>"; };
		C1D4213E2570A82C00FF0641 /* Base */ = {isa = PBXFileReference; lastKnownFileType = file.storyboard; name = Base; path = Base.lproj/LaunchScreen.storyboard; sourceTree = "<group>"; };
		C1D421402570A82C00FF0641 /* Info.plist */ = {isa = PBXFileReference; lastKnownFileType = text.plist.xml; path = Info.plist; sourceTree = "<group>"; };
		C1D421612570D9C000FF0641 /* UIColor+Extension.swift */ = {isa = PBXFileReference; lastKnownFileType = sourcecode.swift; path = "UIColor+Extension.swift"; sourceTree = "<group>"; };
		C1D4216C25710CBC00FF0641 /* UIView+Extension.swift */ = {isa = PBXFileReference; lastKnownFileType = sourcecode.swift; path = "UIView+Extension.swift"; sourceTree = "<group>"; };
/* End PBXFileReference section */

/* Begin PBXFrameworksBuildPhase section */
		C1D4212C2570A82A00FF0641 /* Frameworks */ = {
			isa = PBXFrameworksBuildPhase;
			buildActionMask = 2147483647;
			files = (
				82D4932F3B4B75BAB59B8915 /* Pods_Cracker.framework in Frameworks */,
			);
			runOnlyForDeploymentPostprocessing = 0;
		};
/* End PBXFrameworksBuildPhase section */

/* Begin PBXGroup section */
		2E70CADB3D5C22A260F76F91 /* Frameworks */ = {
			isa = PBXGroup;
			children = (
				0C0598674B7CC531CF8ACF95 /* Pods_Cracker.framework */,
			);
			name = Frameworks;
			sourceTree = "<group>";
		};
		962C2B4932A419A0292451CC /* Pods */ = {
			isa = PBXGroup;
			children = (
				A250CFA09B32F9C2BB433563 /* Pods-Cracker.debug.xcconfig */,
				AFD6E98DB1E00DCB392FF7D7 /* Pods-Cracker.release.xcconfig */,
			);
			path = Pods;
			sourceTree = "<group>";
		};
		C1A7C02C2574986F0022674B /* Mock Data */ = {
			isa = PBXGroup;
			children = (
				C1A7C029257497160022674B /* MockMarker.swift */,
				C1A7C0372574DB410022674B /* MockGeotification.swift */,
			);
			path = "Mock Data";
			sourceTree = "<group>";
		};
		C1D421262570A82A00FF0641 = {
			isa = PBXGroup;
			children = (
				C1D421312570A82A00FF0641 /* Cracker */,
				C1D421302570A82A00FF0641 /* Products */,
				962C2B4932A419A0292451CC /* Pods */,
				2E70CADB3D5C22A260F76F91 /* Frameworks */,
			);
			sourceTree = "<group>";
		};
		C1D421302570A82A00FF0641 /* Products */ = {
			isa = PBXGroup;
			children = (
				C1D4212F2570A82A00FF0641 /* Cracker.app */,
			);
			name = Products;
			sourceTree = "<group>";
		};
		C1D421312570A82A00FF0641 /* Cracker */ = {
			isa = PBXGroup;
			children = (
				C1D421322570A82A00FF0641 /* AppDelegate.swift */,
				C1D421342570A82A00FF0641 /* SceneDelegate.swift */,
				C1D421662570EDF900FF0641 /* Model */,
				C1D421682570EE0A00FF0641 /* View */,
				C1D421692570EE1D00FF0641 /* Controller */,
				C1D421652570EDEB00FF0641 /* Extensions */,
				C1D421382570A82A00FF0641 /* Main.storyboard */,
				C1D4213D2570A82C00FF0641 /* LaunchScreen.storyboard */,
				C1D4213B2570A82C00FF0641 /* Assets.xcassets */,
				C1D421402570A82C00FF0641 /* Info.plist */,
			);
			path = Cracker;
			sourceTree = "<group>";
		};
		C1D421652570EDEB00FF0641 /* Extensions */ = {
			isa = PBXGroup;
			children = (
				C1D421612570D9C000FF0641 /* UIColor+Extension.swift */,
				C1D4216C25710CBC00FF0641 /* UIView+Extension.swift */,
			);
			path = Extensions;
			sourceTree = "<group>";
		};
		C1D421662570EDF900FF0641 /* Model */ = {
			isa = PBXGroup;
			children = (
				C1A7C02C2574986F0022674B /* Mock Data */,
			);
			path = Model;
			sourceTree = "<group>";
		};
		C1D421682570EE0A00FF0641 /* View */ = {
			isa = PBXGroup;
			children = (
				C1A7C02F2574ACA80022674B /* MarkerViews.swift */,
			);
			path = View;
			sourceTree = "<group>";
		};
		C1D421692570EE1D00FF0641 /* Controller */ = {
			isa = PBXGroup;
			children = (
				C1D421362570A82A00FF0641 /* LobbyViewController.swift */,
				C1A7C0262574869F0022674B /* MapViewController.swift */,
			);
			path = Controller;
			sourceTree = "<group>";
		};
/* End PBXGroup section */

/* Begin PBXNativeTarget section */
		C1D4212E2570A82A00FF0641 /* Cracker */ = {
			isa = PBXNativeTarget;
			buildConfigurationList = C1D421432570A82C00FF0641 /* Build configuration list for PBXNativeTarget "Cracker" */;
			buildPhases = (
				6B73819E9C069814898025CD /* [CP] Check Pods Manifest.lock */,
				C1D4212B2570A82A00FF0641 /* Sources */,
				C1D4212C2570A82A00FF0641 /* Frameworks */,
				C1D4212D2570A82A00FF0641 /* Resources */,
				C1D4214D2570AC8100FF0641 /* SwiftLint */,
			);
			buildRules = (
			);
			dependencies = (
			);
			name = Cracker;
			productName = Cracker;
			productReference = C1D4212F2570A82A00FF0641 /* Cracker.app */;
			productType = "com.apple.product-type.application";
		};
/* End PBXNativeTarget section */

/* Begin PBXProject section */
		C1D421272570A82A00FF0641 /* Project object */ = {
			isa = PBXProject;
			attributes = {
				LastSwiftUpdateCheck = 1200;
				LastUpgradeCheck = 1200;
				TargetAttributes = {
					C1D4212E2570A82A00FF0641 = {
						CreatedOnToolsVersion = 12.0.1;
					};
				};
			};
			buildConfigurationList = C1D4212A2570A82A00FF0641 /* Build configuration list for PBXProject "Cracker" */;
			compatibilityVersion = "Xcode 9.3";
			developmentRegion = en;
			hasScannedForEncodings = 0;
			knownRegions = (
				en,
				Base,
			);
			mainGroup = C1D421262570A82A00FF0641;
			productRefGroup = C1D421302570A82A00FF0641 /* Products */;
			projectDirPath = "";
			projectRoot = "";
			targets = (
				C1D4212E2570A82A00FF0641 /* Cracker */,
			);
		};
/* End PBXProject section */

/* Begin PBXResourcesBuildPhase section */
		C1D4212D2570A82A00FF0641 /* Resources */ = {
			isa = PBXResourcesBuildPhase;
			buildActionMask = 2147483647;
			files = (
				C1D4213F2570A82C00FF0641 /* LaunchScreen.storyboard in Resources */,
				C1D4213C2570A82C00FF0641 /* Assets.xcassets in Resources */,
				C1D4213A2570A82A00FF0641 /* Main.storyboard in Resources */,
			);
			runOnlyForDeploymentPostprocessing = 0;
		};
/* End PBXResourcesBuildPhase section */

/* Begin PBXShellScriptBuildPhase section */
		6B73819E9C069814898025CD /* [CP] Check Pods Manifest.lock */ = {
			isa = PBXShellScriptBuildPhase;
			buildActionMask = 2147483647;
			files = (
			);
			inputFileListPaths = (
			);
			inputPaths = (
				"${PODS_PODFILE_DIR_PATH}/Podfile.lock",
				"${PODS_ROOT}/Manifest.lock",
			);
			name = "[CP] Check Pods Manifest.lock";
			outputFileListPaths = (
			);
			outputPaths = (
				"$(DERIVED_FILE_DIR)/Pods-Cracker-checkManifestLockResult.txt",
			);
			runOnlyForDeploymentPostprocessing = 0;
			shellPath = /bin/sh;
			shellScript = "diff \"${PODS_PODFILE_DIR_PATH}/Podfile.lock\" \"${PODS_ROOT}/Manifest.lock\" > /dev/null\nif [ $? != 0 ] ; then\n    # print error to STDERR\n    echo \"error: The sandbox is not in sync with the Podfile.lock. Run 'pod install' or update your CocoaPods installation.\" >&2\n    exit 1\nfi\n# This output is used by Xcode 'outputs' to avoid re-running this script phase.\necho \"SUCCESS\" > \"${SCRIPT_OUTPUT_FILE_0}\"\n";
			showEnvVarsInLog = 0;
		};
		C1D4214D2570AC8100FF0641 /* SwiftLint */ = {
			isa = PBXShellScriptBuildPhase;
			buildActionMask = 2147483647;
			files = (
			);
			inputFileListPaths = (
			);
			inputPaths = (
			);
			name = SwiftLint;
			outputFileListPaths = (
			);
			outputPaths = (
			);
			runOnlyForDeploymentPostprocessing = 0;
			shellPath = /bin/sh;
			shellScript = "\"${PODS_ROOT}/SwiftLint/swiftlint\"\n";
		};
/* End PBXShellScriptBuildPhase section */

/* Begin PBXSourcesBuildPhase section */
		C1D4212B2570A82A00FF0641 /* Sources */ = {
			isa = PBXSourcesBuildPhase;
			buildActionMask = 2147483647;
			files = (
				C1D4216D25710CBC00FF0641 /* UIView+Extension.swift in Sources */,
				C1A7C0382574DB410022674B /* MockGeotification.swift in Sources */,
				C1A7C0272574869F0022674B /* MapViewController.swift in Sources */,
				C1D421372570A82A00FF0641 /* LobbyViewController.swift in Sources */,
				C1A7C0302574ACA80022674B /* MarkerViews.swift in Sources */,
				C1D421622570D9C000FF0641 /* UIColor+Extension.swift in Sources */,
				C1D421332570A82A00FF0641 /* AppDelegate.swift in Sources */,
				C1D421352570A82A00FF0641 /* SceneDelegate.swift in Sources */,
				C1A7C02A257497160022674B /* MockMarker.swift in Sources */,
			);
			runOnlyForDeploymentPostprocessing = 0;
		};
/* End PBXSourcesBuildPhase section */

/* Begin PBXVariantGroup section */
		C1D421382570A82A00FF0641 /* Main.storyboard */ = {
			isa = PBXVariantGroup;
			children = (
				C1D421392570A82A00FF0641 /* Base */,
			);
			name = Main.storyboard;
			sourceTree = "<group>";
		};
		C1D4213D2570A82C00FF0641 /* LaunchScreen.storyboard */ = {
			isa = PBXVariantGroup;
			children = (
				C1D4213E2570A82C00FF0641 /* Base */,
			);
			name = LaunchScreen.storyboard;
			sourceTree = "<group>";
		};
/* End PBXVariantGroup section */

/* Begin XCBuildConfiguration section */
		C1D421412570A82C00FF0641 /* Debug */ = {
			isa = XCBuildConfiguration;
			buildSettings = {
				ALWAYS_SEARCH_USER_PATHS = NO;
				CLANG_ANALYZER_NONNULL = YES;
				CLANG_ANALYZER_NUMBER_OBJECT_CONVERSION = YES_AGGRESSIVE;
				CLANG_CXX_LANGUAGE_STANDARD = "gnu++14";
				CLANG_CXX_LIBRARY = "libc++";
				CLANG_ENABLE_MODULES = YES;
				CLANG_ENABLE_OBJC_ARC = YES;
				CLANG_ENABLE_OBJC_WEAK = YES;
				CLANG_WARN_BLOCK_CAPTURE_AUTORELEASING = YES;
				CLANG_WARN_BOOL_CONVERSION = YES;
				CLANG_WARN_COMMA = YES;
				CLANG_WARN_CONSTANT_CONVERSION = YES;
				CLANG_WARN_DEPRECATED_OBJC_IMPLEMENTATIONS = YES;
				CLANG_WARN_DIRECT_OBJC_ISA_USAGE = YES_ERROR;
				CLANG_WARN_DOCUMENTATION_COMMENTS = YES;
				CLANG_WARN_EMPTY_BODY = YES;
				CLANG_WARN_ENUM_CONVERSION = YES;
				CLANG_WARN_INFINITE_RECURSION = YES;
				CLANG_WARN_INT_CONVERSION = YES;
				CLANG_WARN_NON_LITERAL_NULL_CONVERSION = YES;
				CLANG_WARN_OBJC_IMPLICIT_RETAIN_SELF = YES;
				CLANG_WARN_OBJC_LITERAL_CONVERSION = YES;
				CLANG_WARN_OBJC_ROOT_CLASS = YES_ERROR;
				CLANG_WARN_QUOTED_INCLUDE_IN_FRAMEWORK_HEADER = YES;
				CLANG_WARN_RANGE_LOOP_ANALYSIS = YES;
				CLANG_WARN_STRICT_PROTOTYPES = YES;
				CLANG_WARN_SUSPICIOUS_MOVE = YES;
				CLANG_WARN_UNGUARDED_AVAILABILITY = YES_AGGRESSIVE;
				CLANG_WARN_UNREACHABLE_CODE = YES;
				CLANG_WARN__DUPLICATE_METHOD_MATCH = YES;
				COPY_PHASE_STRIP = NO;
				DEBUG_INFORMATION_FORMAT = dwarf;
				ENABLE_STRICT_OBJC_MSGSEND = YES;
				ENABLE_TESTABILITY = YES;
				GCC_C_LANGUAGE_STANDARD = gnu11;
				GCC_DYNAMIC_NO_PIC = NO;
				GCC_NO_COMMON_BLOCKS = YES;
				GCC_OPTIMIZATION_LEVEL = 0;
				GCC_PREPROCESSOR_DEFINITIONS = (
					"DEBUG=1",
					"$(inherited)",
				);
				GCC_WARN_64_TO_32_BIT_CONVERSION = YES;
				GCC_WARN_ABOUT_RETURN_TYPE = YES_ERROR;
				GCC_WARN_UNDECLARED_SELECTOR = YES;
				GCC_WARN_UNINITIALIZED_AUTOS = YES_AGGRESSIVE;
				GCC_WARN_UNUSED_FUNCTION = YES;
				GCC_WARN_UNUSED_VARIABLE = YES;
				IPHONEOS_DEPLOYMENT_TARGET = 14.0;
				MTL_ENABLE_DEBUG_INFO = INCLUDE_SOURCE;
				MTL_FAST_MATH = YES;
				ONLY_ACTIVE_ARCH = YES;
				SDKROOT = iphoneos;
				SWIFT_ACTIVE_COMPILATION_CONDITIONS = DEBUG;
				SWIFT_OPTIMIZATION_LEVEL = "-Onone";
			};
			name = Debug;
		};
		C1D421422570A82C00FF0641 /* Release */ = {
			isa = XCBuildConfiguration;
			buildSettings = {
				ALWAYS_SEARCH_USER_PATHS = NO;
				CLANG_ANALYZER_NONNULL = YES;
				CLANG_ANALYZER_NUMBER_OBJECT_CONVERSION = YES_AGGRESSIVE;
				CLANG_CXX_LANGUAGE_STANDARD = "gnu++14";
				CLANG_CXX_LIBRARY = "libc++";
				CLANG_ENABLE_MODULES = YES;
				CLANG_ENABLE_OBJC_ARC = YES;
				CLANG_ENABLE_OBJC_WEAK = YES;
				CLANG_WARN_BLOCK_CAPTURE_AUTORELEASING = YES;
				CLANG_WARN_BOOL_CONVERSION = YES;
				CLANG_WARN_COMMA = YES;
				CLANG_WARN_CONSTANT_CONVERSION = YES;
				CLANG_WARN_DEPRECATED_OBJC_IMPLEMENTATIONS = YES;
				CLANG_WARN_DIRECT_OBJC_ISA_USAGE = YES_ERROR;
				CLANG_WARN_DOCUMENTATION_COMMENTS = YES;
				CLANG_WARN_EMPTY_BODY = YES;
				CLANG_WARN_ENUM_CONVERSION = YES;
				CLANG_WARN_INFINITE_RECURSION = YES;
				CLANG_WARN_INT_CONVERSION = YES;
				CLANG_WARN_NON_LITERAL_NULL_CONVERSION = YES;
				CLANG_WARN_OBJC_IMPLICIT_RETAIN_SELF = YES;
				CLANG_WARN_OBJC_LITERAL_CONVERSION = YES;
				CLANG_WARN_OBJC_ROOT_CLASS = YES_ERROR;
				CLANG_WARN_QUOTED_INCLUDE_IN_FRAMEWORK_HEADER = YES;
				CLANG_WARN_RANGE_LOOP_ANALYSIS = YES;
				CLANG_WARN_STRICT_PROTOTYPES = YES;
				CLANG_WARN_SUSPICIOUS_MOVE = YES;
				CLANG_WARN_UNGUARDED_AVAILABILITY = YES_AGGRESSIVE;
				CLANG_WARN_UNREACHABLE_CODE = YES;
				CLANG_WARN__DUPLICATE_METHOD_MATCH = YES;
				COPY_PHASE_STRIP = NO;
				DEBUG_INFORMATION_FORMAT = "dwarf-with-dsym";
				ENABLE_NS_ASSERTIONS = NO;
				ENABLE_STRICT_OBJC_MSGSEND = YES;
				GCC_C_LANGUAGE_STANDARD = gnu11;
				GCC_NO_COMMON_BLOCKS = YES;
				GCC_WARN_64_TO_32_BIT_CONVERSION = YES;
				GCC_WARN_ABOUT_RETURN_TYPE = YES_ERROR;
				GCC_WARN_UNDECLARED_SELECTOR = YES;
				GCC_WARN_UNINITIALIZED_AUTOS = YES_AGGRESSIVE;
				GCC_WARN_UNUSED_FUNCTION = YES;
				GCC_WARN_UNUSED_VARIABLE = YES;
				IPHONEOS_DEPLOYMENT_TARGET = 14.0;
				MTL_ENABLE_DEBUG_INFO = NO;
				MTL_FAST_MATH = YES;
				SDKROOT = iphoneos;
				SWIFT_COMPILATION_MODE = wholemodule;
				SWIFT_OPTIMIZATION_LEVEL = "-O";
				VALIDATE_PRODUCT = YES;
			};
			name = Release;
		};
		C1D421442570A82C00FF0641 /* Debug */ = {
			isa = XCBuildConfiguration;
			baseConfigurationReference = A250CFA09B32F9C2BB433563 /* Pods-Cracker.debug.xcconfig */;
			buildSettings = {
				ASSETCATALOG_COMPILER_APPICON_NAME = AppIcon;
				ASSETCATALOG_COMPILER_GLOBAL_ACCENT_COLOR_NAME = AccentColor;
				CODE_SIGN_STYLE = Automatic;
				DEVELOPMENT_TEAM = Z2Y6VK2D6T;
				INFOPLIST_FILE = Cracker/Info.plist;
				LD_RUNPATH_SEARCH_PATHS = (
					"$(inherited)",
					"@executable_path/Frameworks",
				);
				PRODUCT_BUNDLE_IDENTIFIER = com.SydneyWu.Cracker;
				PRODUCT_NAME = "$(TARGET_NAME)";
				SWIFT_VERSION = 5.0;
				TARGETED_DEVICE_FAMILY = "1,2";
			};
			name = Debug;
		};
		C1D421452570A82C00FF0641 /* Release */ = {
			isa = XCBuildConfiguration;
			baseConfigurationReference = AFD6E98DB1E00DCB392FF7D7 /* Pods-Cracker.release.xcconfig */;
			buildSettings = {
				ASSETCATALOG_COMPILER_APPICON_NAME = AppIcon;
				ASSETCATALOG_COMPILER_GLOBAL_ACCENT_COLOR_NAME = AccentColor;
				CODE_SIGN_STYLE = Automatic;
				DEVELOPMENT_TEAM = Z2Y6VK2D6T;
				INFOPLIST_FILE = Cracker/Info.plist;
				LD_RUNPATH_SEARCH_PATHS = (
					"$(inherited)",
					"@executable_path/Frameworks",
				);
				PRODUCT_BUNDLE_IDENTIFIER = com.SydneyWu.Cracker;
				PRODUCT_NAME = "$(TARGET_NAME)";
				SWIFT_VERSION = 5.0;
				TARGETED_DEVICE_FAMILY = "1,2";
			};
			name = Release;
		};
/* End XCBuildConfiguration section */

/* Begin XCConfigurationList section */
		C1D4212A2570A82A00FF0641 /* Build configuration list for PBXProject "Cracker" */ = {
			isa = XCConfigurationList;
			buildConfigurations = (
				C1D421412570A82C00FF0641 /* Debug */,
				C1D421422570A82C00FF0641 /* Release */,
			);
			defaultConfigurationIsVisible = 0;
			defaultConfigurationName = Release;
		};
		C1D421432570A82C00FF0641 /* Build configuration list for PBXNativeTarget "Cracker" */ = {
			isa = XCConfigurationList;
			buildConfigurations = (
				C1D421442570A82C00FF0641 /* Debug */,
				C1D421452570A82C00FF0641 /* Release */,
			);
			defaultConfigurationIsVisible = 0;
			defaultConfigurationName = Release;
		};
/* End XCConfigurationList section */
	};
	rootObject = C1D421272570A82A00FF0641 /* Project object */;
}
